
Microsoft Visual Studio Solution File, Format Version 12.00
# Visual Studio Version 17
VisualStudioVersion = 17.0.31903.59
MinimumVisualStudioVersion = 10.0.40219.1
Project("{FAE04EC0-301F-11D3-BF4B-00C04F79EFBC}") = "Задание 14", "Задание 14\Задание 14.csproj", "{505DE174-DA00-4A1E-A203-6102E172EA59}"
EndProject
Global
	GlobalSection(SolutionConfigurationPlatforms) = preSolution
		Debug|Any CPU = Debug|Any CPU
		Release|Any CPU = Release|Any CPU
	EndGlobalSection
	GlobalSection(ProjectConfigurationPlatforms) = postSolution
		{505DE174-DA00-4A1E-A203-6102E172EA59}.Debug|Any CPU.ActiveCfg = Debug|Any CPU
		{505DE174-DA00-4A1E-A203-6102E172EA59}.Debug|Any CPU.Build.0 = Debug|Any CPU
		{505DE174-DA00-4A1E-A203-6102E172EA59}.Release|Any CPU.ActiveCfg = Release|Any CPU
		{505DE174-DA00-4A1E-A203-6102E172EA59}.Release|Any CPU.Build.0 = Release|Any CPU
	EndGlobalSection
	GlobalSection(SolutionProperties) = preSolution
		HideSolutionNode = FALSE
	EndGlobalSection
	GlobalSection(ExtensibilityGlobals) = postSolution
		SolutionGuid = {4CE578BE-456E-435D-9D9A-AEB7E15A6517}
	EndGlobalSection
EndGlobal
